{
  "nodes": {
    "emacs-config": {
      "inputs": {
        "emacs-overlay": [
          "emacs-overlay"
        ],
        "nix-utils": [
          "nix-utils"
        ],
        "nixpkgs": [
          "nixpkgs"
        ]
      },
      "locked": {
        "lastModified": 1691424915,
        "narHash": "sha256-SzK3rFpdvdaVE5X+cLDNXQ+DhurUuBDfo3IWn6nFImI=",
        "owner": "mislavzanic",
        "repo": "emacs-flake",
        "rev": "220e1d1778bbdfc18280885f209dacde25f38546",
        "type": "github"
      },
      "original": {
        "owner": "mislavzanic",
        "repo": "emacs-flake",
        "type": "github"
      }
    },
    "emacs-overlay": {
      "inputs": {
        "flake-utils": "flake-utils",
        "nixpkgs": [
          "nixpkgs"
        ],
        "nixpkgs-stable": "nixpkgs-stable"
      },
      "locked": {
        "lastModified": 1691777780,
        "narHash": "sha256-4WVtbAHlHqUHqsxowDsHzCWaf5BDZlJIVoS4FR8/WqY=",
        "owner": "nix-community",
        "repo": "emacs-overlay",
        "rev": "90e7e4796d880ee6ad230e791e62a15f539851fd",
        "type": "github"
      },
      "original": {
        "owner": "nix-community",
        "repo": "emacs-overlay",
        "type": "github"
      }
    },
    "flake-utils": {
      "inputs": {
        "systems": "systems"
      },
      "locked": {
        "lastModified": 1689068808,
        "narHash": "sha256-6ixXo3wt24N/melDWjq70UuHQLxGV8jZvooRanIHXw0=",
        "owner": "numtide",
        "repo": "flake-utils",
        "rev": "919d646de7be200f3bf08cb76ae1f09402b6f9b4",
        "type": "github"
      },
      "original": {
        "owner": "numtide",
        "repo": "flake-utils",
        "type": "github"
      }
    },
    "flake-utils_2": {
      "inputs": {
        "systems": "systems_2"
      },
      "locked": {
        "lastModified": 1689068808,
        "narHash": "sha256-6ixXo3wt24N/melDWjq70UuHQLxGV8jZvooRanIHXw0=",
        "owner": "numtide",
        "repo": "flake-utils",
        "rev": "919d646de7be200f3bf08cb76ae1f09402b6f9b4",
        "type": "github"
      },
      "original": {
        "owner": "numtide",
        "repo": "flake-utils",
        "type": "github"
      }
    },
    "flake-utils_3": {
      "locked": {
        "lastModified": 1653893745,
        "narHash": "sha256-0jntwV3Z8//YwuOjzhV2sgJJPt+HY6KhU7VZUL0fKZQ=",
        "owner": "numtide",
        "repo": "flake-utils",
        "rev": "1ed9fb1935d260de5fe1c2f7ee0ebaae17ed2fa1",
        "type": "github"
      },
      "original": {
        "owner": "numtide",
        "repo": "flake-utils",
        "type": "github"
      }
    },
    "flake-utils_4": {
      "inputs": {
        "systems": "systems_3"
      },
      "locked": {
        "lastModified": 1689068808,
        "narHash": "sha256-6ixXo3wt24N/melDWjq70UuHQLxGV8jZvooRanIHXw0=",
        "owner": "numtide",
        "repo": "flake-utils",
        "rev": "919d646de7be200f3bf08cb76ae1f09402b6f9b4",
        "type": "github"
      },
      "original": {
        "owner": "numtide",
        "repo": "flake-utils",
        "type": "github"
      }
    },
    "flake-utils_5": {
      "inputs": {
        "systems": "systems_4"
      },
      "locked": {
        "lastModified": 1689068808,
        "narHash": "sha256-6ixXo3wt24N/melDWjq70UuHQLxGV8jZvooRanIHXw0=",
        "owner": "numtide",
        "repo": "flake-utils",
        "rev": "919d646de7be200f3bf08cb76ae1f09402b6f9b4",
        "type": "github"
      },
      "original": {
        "owner": "numtide",
        "repo": "flake-utils",
        "type": "github"
      }
    },
    "flake-utils_6": {
      "inputs": {
        "systems": "systems_5"
      },
      "locked": {
        "lastModified": 1689068808,
        "narHash": "sha256-6ixXo3wt24N/melDWjq70UuHQLxGV8jZvooRanIHXw0=",
        "owner": "numtide",
        "repo": "flake-utils",
        "rev": "919d646de7be200f3bf08cb76ae1f09402b6f9b4",
        "type": "github"
      },
      "original": {
        "owner": "numtide",
        "repo": "flake-utils",
        "type": "github"
      }
    },
    "git-ignore-nix": {
      "inputs": {
        "nixpkgs": "nixpkgs_2"
      },
      "locked": {
        "lastModified": 1660459072,
        "narHash": "sha256-8DFJjXG8zqoONA1vXtgeKXy68KdJL5UaXR8NtVMUbx8=",
        "owner": "hercules-ci",
        "repo": "gitignore.nix",
        "rev": "a20de23b925fd8264fd7fad6454652e142fd7f73",
        "type": "github"
      },
      "original": {
        "owner": "hercules-ci",
        "ref": "master",
        "repo": "gitignore.nix",
        "type": "github"
      }
    },
    "git-ignore-nix_2": {
      "inputs": {
        "nixpkgs": "nixpkgs_3"
      },
      "locked": {
        "lastModified": 1660459072,
        "narHash": "sha256-8DFJjXG8zqoONA1vXtgeKXy68KdJL5UaXR8NtVMUbx8=",
        "owner": "hercules-ci",
        "repo": "gitignore.nix",
        "rev": "a20de23b925fd8264fd7fad6454652e142fd7f73",
        "type": "github"
      },
      "original": {
        "owner": "hercules-ci",
        "ref": "master",
        "repo": "gitignore.nix",
        "type": "github"
      }
    },
    "git-ignore-nix_3": {
      "inputs": {
        "nixpkgs": "nixpkgs_4"
      },
      "locked": {
        "lastModified": 1660459072,
        "narHash": "sha256-8DFJjXG8zqoONA1vXtgeKXy68KdJL5UaXR8NtVMUbx8=",
        "owner": "hercules-ci",
        "repo": "gitignore.nix",
        "rev": "a20de23b925fd8264fd7fad6454652e142fd7f73",
        "type": "github"
      },
      "original": {
        "owner": "hercules-ci",
        "ref": "master",
        "repo": "gitignore.nix",
        "type": "github"
      }
    },
    "git-ignore-nix_4": {
      "inputs": {
        "nixpkgs": "nixpkgs_5"
      },
      "locked": {
        "lastModified": 1660459072,
        "narHash": "sha256-8DFJjXG8zqoONA1vXtgeKXy68KdJL5UaXR8NtVMUbx8=",
        "owner": "hercules-ci",
        "repo": "gitignore.nix",
        "rev": "a20de23b925fd8264fd7fad6454652e142fd7f73",
        "type": "github"
      },
      "original": {
        "owner": "hercules-ci",
        "ref": "master",
        "repo": "gitignore.nix",
        "type": "github"
      }
    },
    "home-manager": {
      "inputs": {
        "nixpkgs": [
          "nixpkgs"
        ]
      },
      "locked": {
        "lastModified": 1691672736,
        "narHash": "sha256-HNPA/dKHerA0p4OsToEcW/DtTSXBcK5gFRsy/yPgV/Y=",
        "owner": "rycee",
        "repo": "home-manager",
        "rev": "6e1eff9aac0e8d84bda7f2d60ba6108eea9b7e79",
        "type": "github"
      },
      "original": {
        "owner": "rycee",
        "ref": "master",
        "repo": "home-manager",
        "type": "github"
      }
    },
    "nix-utils": {
      "inputs": {
        "home-manager": [
          "home-manager"
        ],
        "nixpkgs": [
          "nixpkgs"
        ]
      },
      "locked": {
        "lastModified": 1693420861,
        "narHash": "sha256-8+3EtIoAv56LMU5AbNO91vh7tnvFNvTp5PqVR3FVVSc=",
        "owner": "mislavzanic",
        "repo": "nix-utils",
        "rev": "9a9a711003fb44bf7f42ec4d1f6efe26c0ff7716",
        "type": "github"
      },
      "original": {
        "owner": "mislavzanic",
        "repo": "nix-utils",
        "type": "github"
      }
    },
    "nixpkgs": {
      "locked": {
        "lastModified": 1691793681,
        "narHash": "sha256-ZMPoV8PP0moRiRv92BPVOyw/13XB8lMk9mevshEONPY=",
        "owner": "NixOS",
        "repo": "nixpkgs",
        "rev": "3d1703e5767fd0612e66e7e39b15670b3e983869",
        "type": "github"
      },
      "original": {
        "owner": "NixOS",
        "ref": "master",
        "repo": "nixpkgs",
        "type": "github"
      }
    },
    "nixpkgs-stable": {
      "locked": {
        "lastModified": 1691592289,
        "narHash": "sha256-Lqpw7lrXlLkYra33tp57ms8tZ0StWhbcl80vk4D90F8=",
        "owner": "NixOS",
        "repo": "nixpkgs",
        "rev": "9034b46dc4c7596a87ab837bb8a07ef2d887e8c7",
        "type": "github"
      },
      "original": {
        "owner": "NixOS",
        "ref": "nixos-23.05",
        "repo": "nixpkgs",
        "type": "github"
      }
    },
    "nixpkgs_2": {
      "locked": {
        "lastModified": 1632846328,
        "narHash": "sha256-sFi6YtlGK30TBB9o6CW7LG9mYHkgtKeWbSLAjjrNTX0=",
        "owner": "NixOS",
        "repo": "nixpkgs",
        "rev": "2b71ddd869ad592510553d09fe89c9709fa26b2b",
        "type": "github"
      },
      "original": {
        "id": "nixpkgs",
        "type": "indirect"
      }
    },
    "nixpkgs_3": {
      "locked": {
        "lastModified": 1632846328,
        "narHash": "sha256-sFi6YtlGK30TBB9o6CW7LG9mYHkgtKeWbSLAjjrNTX0=",
        "owner": "NixOS",
        "repo": "nixpkgs",
        "rev": "2b71ddd869ad592510553d09fe89c9709fa26b2b",
        "type": "github"
      },
      "original": {
        "id": "nixpkgs",
        "type": "indirect"
      }
    },
    "nixpkgs_4": {
      "locked": {
        "lastModified": 1632846328,
        "narHash": "sha256-sFi6YtlGK30TBB9o6CW7LG9mYHkgtKeWbSLAjjrNTX0=",
        "owner": "NixOS",
        "repo": "nixpkgs",
        "rev": "2b71ddd869ad592510553d09fe89c9709fa26b2b",
        "type": "github"
      },
      "original": {
        "id": "nixpkgs",
        "type": "indirect"
      }
    },
    "nixpkgs_5": {
      "locked": {
        "lastModified": 1632846328,
        "narHash": "sha256-sFi6YtlGK30TBB9o6CW7LG9mYHkgtKeWbSLAjjrNTX0=",
        "owner": "NixOS",
        "repo": "nixpkgs",
        "rev": "2b71ddd869ad592510553d09fe89c9709fa26b2b",
        "type": "github"
      },
      "original": {
        "id": "nixpkgs",
        "type": "indirect"
      }
    },
    "nixpkgs_6": {
      "locked": {
        "lastModified": 1691683125,
        "narHash": "sha256-FMU62G57HDbJwU+9V3q7I0mBaQYTYQdtPNlJt2t5/A4=",
        "owner": "NixOS",
        "repo": "nixpkgs",
        "rev": "4d2389b927696ef8da4ef76b03f2d306faf87929",
        "type": "github"
      },
      "original": {
        "id": "nixpkgs",
        "type": "indirect"
      }
    },
    "root": {
      "inputs": {
        "emacs-config": "emacs-config",
        "emacs-overlay": "emacs-overlay",
        "home-manager": "home-manager",
        "nix-utils": "nix-utils",
        "nixpkgs": "nixpkgs",
        "wallpapers": "wallpapers",
        "xmonad-config": "xmonad-config"
      }
    },
    "systems": {
      "locked": {
        "lastModified": 1681028828,
        "narHash": "sha256-Vy1rq5AaRuLzOxct8nz4T6wlgyUR7zLU309k9mBC768=",
        "owner": "nix-systems",
        "repo": "default",
        "rev": "da67096a3b9bf56a91d16901293e51ba5b49a27e",
        "type": "github"
      },
      "original": {
        "owner": "nix-systems",
        "repo": "default",
        "type": "github"
      }
    },
    "systems_2": {
      "locked": {
        "lastModified": 1681028828,
        "narHash": "sha256-Vy1rq5AaRuLzOxct8nz4T6wlgyUR7zLU309k9mBC768=",
        "owner": "nix-systems",
        "repo": "default",
        "rev": "da67096a3b9bf56a91d16901293e51ba5b49a27e",
        "type": "github"
      },
      "original": {
        "owner": "nix-systems",
        "repo": "default",
        "type": "github"
      }
    },
    "systems_3": {
      "locked": {
        "lastModified": 1681028828,
        "narHash": "sha256-Vy1rq5AaRuLzOxct8nz4T6wlgyUR7zLU309k9mBC768=",
        "owner": "nix-systems",
        "repo": "default",
        "rev": "da67096a3b9bf56a91d16901293e51ba5b49a27e",
        "type": "github"
      },
      "original": {
        "owner": "nix-systems",
        "repo": "default",
        "type": "github"
      }
    },
    "systems_4": {
      "locked": {
        "lastModified": 1681028828,
        "narHash": "sha256-Vy1rq5AaRuLzOxct8nz4T6wlgyUR7zLU309k9mBC768=",
        "owner": "nix-systems",
        "repo": "default",
        "rev": "da67096a3b9bf56a91d16901293e51ba5b49a27e",
        "type": "github"
      },
      "original": {
        "owner": "nix-systems",
        "repo": "default",
        "type": "github"
      }
    },
    "systems_5": {
      "locked": {
        "lastModified": 1681028828,
        "narHash": "sha256-Vy1rq5AaRuLzOxct8nz4T6wlgyUR7zLU309k9mBC768=",
        "owner": "nix-systems",
        "repo": "default",
        "rev": "da67096a3b9bf56a91d16901293e51ba5b49a27e",
        "type": "github"
      },
      "original": {
        "owner": "nix-systems",
        "repo": "default",
        "type": "github"
      }
    },
    "unstable": {
      "locked": {
        "lastModified": 1691654369,
        "narHash": "sha256-gSILTEx1jRaJjwZxRlnu3ZwMn1FVNk80qlwiCX8kmpo=",
        "owner": "NixOS",
        "repo": "nixpkgs",
        "rev": "ce5e4a6ef2e59d89a971bc434ca8ca222b9c7f5e",
        "type": "github"
      },
      "original": {
        "owner": "NixOS",
        "ref": "nixos-unstable",
        "repo": "nixpkgs",
        "type": "github"
      }
    },
    "unstable_2": {
      "locked": {
        "lastModified": 1691654369,
        "narHash": "sha256-gSILTEx1jRaJjwZxRlnu3ZwMn1FVNk80qlwiCX8kmpo=",
        "owner": "NixOS",
        "repo": "nixpkgs",
        "rev": "ce5e4a6ef2e59d89a971bc434ca8ca222b9c7f5e",
        "type": "github"
      },
      "original": {
        "owner": "NixOS",
        "ref": "nixos-unstable",
        "repo": "nixpkgs",
        "type": "github"
      }
    },
    "wallpapers": {
      "flake": false,
      "locked": {
        "lastModified": 1691607639,
        "narHash": "sha256-120O2Gg4tLuUIlmhBUTOSsXZM58Sw3WsrlVWOLMeJf0=",
        "owner": "mislavzanic",
        "repo": "wallpapers",
        "rev": "7e8048ee93303f2b96c09b31049b699b120628db",
        "type": "github"
      },
      "original": {
        "owner": "mislavzanic",
        "repo": "wallpapers",
        "type": "github"
      }
    },
    "xmobar": {
      "inputs": {
        "flake-utils": "flake-utils_3",
        "git-ignore-nix": [
          "xmonad-config",
          "git-ignore-nix"
        ],
        "nixpkgs": [
          "xmonad-config",
          "nixpkgs"
        ]
      },
      "locked": {
        "lastModified": 1689093167,
        "narHash": "sha256-m91Fzqu4L2DwRCkEPFvYCggEhIOcYqR8ayW2rBmHPIk=",
        "ref": "refs/heads/master",
        "rev": "ef02a75ba504a30aa47b5181613eb3a6a56a9beb",
        "revCount": 1863,
        "type": "git",
        "url": "https://codeberg.org/xmobar/xmobar"
      },
      "original": {
        "type": "git",
        "url": "https://codeberg.org/xmobar/xmobar"
      }
    },
    "xmonad": {
      "inputs": {
        "flake-utils": "flake-utils_4",
        "git-ignore-nix": "git-ignore-nix_2",
        "nixpkgs": [
          "xmonad-config",
          "nixpkgs"
        ],
        "unstable": "unstable"
      },
      "locked": {
        "lastModified": 1690390859,
        "narHash": "sha256-0omeGkw/lgM0TIvgLgAOWjmGNmNdkN0OHhD7IWTz7+0=",
        "owner": "xmonad",
        "repo": "xmonad",
        "rev": "efffa8946ac68960af60a1fb22df367023d03fe0",
        "type": "github"
      },
      "original": {
        "owner": "xmonad",
        "repo": "xmonad",
        "type": "github"
      }
    },
    "xmonad-config": {
      "inputs": {
        "flake-utils": "flake-utils_2",
        "git-ignore-nix": "git-ignore-nix",
        "nixpkgs": [
          "nixpkgs"
        ],
        "xmobar": "xmobar",
        "xmonad": "xmonad",
        "xmonad-contrib": "xmonad-contrib"
      },
      "locked": {
        "lastModified": 1691783350,
        "narHash": "sha256-PQu8g9ib+KzNiOTMviGR1KgFzh0rg8jK/Re8n3hrKPM=",
        "owner": "mislavzanic",
        "repo": "xmonad-flake",
        "rev": "2c0b80f07171f7eaf3048fa7891ad6dd831cfc95",
        "type": "github"
      },
      "original": {
        "owner": "mislavzanic",
        "repo": "xmonad-flake",
        "type": "github"
      }
    },
    "xmonad-contrib": {
      "inputs": {
        "flake-utils": "flake-utils_5",
        "git-ignore-nix": "git-ignore-nix_3",
        "nixpkgs": [
          "xmonad-config",
          "nixpkgs"
        ],
        "xmonad": "xmonad_2"
      },
      "locked": {
        "lastModified": 1691709163,
        "narHash": "sha256-hrKemNgD8MIzsEiMHb2/GNQ6LK6luWUcfYlHsejNes0=",
        "owner": "xmonad",
        "repo": "xmonad-contrib",
        "rev": "6912eca8298a6c6281e6ae593390e2b971f57860",
        "type": "github"
      },
      "original": {
        "owner": "xmonad",
        "repo": "xmonad-contrib",
        "type": "github"
      }
    },
    "xmonad_2": {
      "inputs": {
        "flake-utils": "flake-utils_6",
        "git-ignore-nix": "git-ignore-nix_4",
        "nixpkgs": "nixpkgs_6",
        "unstable": "unstable_2"
      },
      "locked": {
        "lastModified": 1690390859,
        "narHash": "sha256-0omeGkw/lgM0TIvgLgAOWjmGNmNdkN0OHhD7IWTz7+0=",
        "owner": "xmonad",
        "repo": "xmonad",
        "rev": "efffa8946ac68960af60a1fb22df367023d03fe0",
        "type": "github"
      },
      "original": {
        "owner": "xmonad",
        "repo": "xmonad",
        "type": "github"
      }
    }
  },
  "root": "root",
  "version": 7
}
